
Microsoft Visual Studio Solution File, Format Version 12.00
# Visual Studio 15
VisualStudioVersion = 15.0.28307.572
MinimumVisualStudioVersion = 10.0.40219.1
Project("{FAE04EC0-301F-11D3-BF4B-00C04F79EFBC}") = "AlgorytmWegierski", "AlgorytmWegierski\AlgorytmWegierski.csproj", "{8218BBCB-B001-4073-A8A1-D952ACE94410}"
EndProject
Global
	GlobalSection(SolutionConfigurationPlatforms) = preSolution
		Debug|Any CPU = Debug|Any CPU
		Release|Any CPU = Release|Any CPU
	EndGlobalSection
	GlobalSection(ProjectConfigurationPlatforms) = postSolution
		{8218BBCB-B001-4073-A8A1-D952ACE94410}.Debug|Any CPU.ActiveCfg = Debug|Any CPU
		{8218BBCB-B001-4073-A8A1-D952ACE94410}.Debug|Any CPU.Build.0 = Debug|Any CPU
		{8218BBCB-B001-4073-A8A1-D952ACE94410}.Release|Any CPU.ActiveCfg = Release|Any CPU
		{8218BBCB-B001-4073-A8A1-D952ACE94410}.Release|Any CPU.Build.0 = Release|Any CPU
	EndGlobalSection
	GlobalSection(SolutionProperties) = preSolution
		HideSolutionNode = FALSE
	EndGlobalSection
	GlobalSection(ExtensibilityGlobals) = postSolution
		SolutionGuid = {FEEF76A0-08A7-4E4E-AC40-167BE61FDC65}
	EndGlobalSection
EndGlobal
